Microsoft Visual Studio Solution File, Format Version 12.00
# Visual Studio Version 17
VisualStudioVersion = 17.6.33815.320
MinimumVisualStudioVersion = 10.0.40219.1
Project("{FAE04EC0-301F-11D3-BF4B-00C04F79EFBC}") = "Sandbox", "Sandbox\Sandbox.csproj", "{218B6EDA-6877-46BD-A028-950D9EC8AC65}"
EndProject
Project("{FAE04EC0-301F-11D3-BF4B-00C04F79EFBC}") = "Sandbox.Tests", "Sandbox.Tests\Sandbox.Tests.csproj", "{19956410-7D52-4A28-AF16-3F81E4E0171E}"
EndProject
Global
	GlobalSection(SolutionConfigurationPlatforms) = preSolution
		Debug|Any CPU = Debug|Any CPU
		Release|Any CPU = Release|Any CPU
	EndGlobalSection
	GlobalSection(ProjectConfigurationPlatforms) = postSolution
		{218B6EDA-6877-46BD-A028-950D9EC8AC65}.Debug|Any CPU.ActiveCfg = Debug|Any CPU
		{218B6EDA-6877-46BD-A028-950D9EC8AC65}.Debug|Any CPU.Build.0 = Debug|Any CPU
		{218B6EDA-6877-46BD-A028-950D9EC8AC65}.Release|Any CPU.ActiveCfg = Release|Any CPU
		{218B6EDA-6877-46BD-A028-950D9EC8AC65}.Release|Any CPU.Build.0 = Release|Any CPU
		{19956410-7D52-4A28-AF16-3F81E4E0171E}.Debug|Any CPU.ActiveCfg = Debug|Any CPU
		{19956410-7D52-4A28-AF16-3F81E4E0171E}.Debug|Any CPU.Build.0 = Debug|Any CPU
		{19956410-7D52-4A28-AF16-3F81E4E0171E}.Release|Any CPU.ActiveCfg = Release|Any CPU
		{19956410-7D52-4A28-AF16-3F81E4E0171E}.Release|Any CPU.Build.0 = Release|Any CPU
	EndGlobalSection
	GlobalSection(SolutionProperties) = preSolution
		HideSolutionNode = FALSE
	EndGlobalSection
	GlobalSection(ExtensibilityGlobals) = postSolution
		SolutionGuid = {FD0576F8-974D-40F6-82CE-CAB2C8DFE9DA}
	EndGlobalSection
EndGlobal
